
Microsoft Visual Studio Solution File, Format Version 12.00
# Visual Studio 15
VisualStudioVersion = 15.0.28307.329
MinimumVisualStudioVersion = 10.0.40219.1
Project("{FAE04EC0-301F-11D3-BF4B-00C04F79EFBC}") = "Bus", "WindowsFormsApp1\Bus.csproj", "{9D9094CE-B971-4DC8-BD76-BCE516636FAC}"
EndProject
Project("{FAE04EC0-301F-11D3-BF4B-00C04F79EFBC}") = "BusTest", "BusTest\BusTest.csproj", "{FF4C87A9-8859-4B49-B317-64D46D2D1D97}"
EndProject
Global
	GlobalSection(SolutionConfigurationPlatforms) = preSolution
		Debug|Any CPU = Debug|Any CPU
		Release|Any CPU = Release|Any CPU
	EndGlobalSection
	GlobalSection(ProjectConfigurationPlatforms) = postSolution
		{9D9094CE-B971-4DC8-BD76-BCE516636FAC}.Debug|Any CPU.ActiveCfg = Debug|Any CPU
		{9D9094CE-B971-4DC8-BD76-BCE516636FAC}.Debug|Any CPU.Build.0 = Debug|Any CPU
		{9D9094CE-B971-4DC8-BD76-BCE516636FAC}.Release|Any CPU.ActiveCfg = Release|Any CPU
		{9D9094CE-B971-4DC8-BD76-BCE516636FAC}.Release|Any CPU.Build.0 = Release|Any CPU
		{FF4C87A9-8859-4B49-B317-64D46D2D1D97}.Debug|Any CPU.ActiveCfg = Debug|Any CPU
		{FF4C87A9-8859-4B49-B317-64D46D2D1D97}.Debug|Any CPU.Build.0 = Debug|Any CPU
		{FF4C87A9-8859-4B49-B317-64D46D2D1D97}.Release|Any CPU.ActiveCfg = Release|Any CPU
		{FF4C87A9-8859-4B49-B317-64D46D2D1D97}.Release|Any CPU.Build.0 = Release|Any CPU
	EndGlobalSection
	GlobalSection(SolutionProperties) = preSolution
		HideSolutionNode = FALSE
	EndGlobalSection
	GlobalSection(ExtensibilityGlobals) = postSolution
		SolutionGuid = {AA037FD5-12F1-4F2E-BCB3-E0A3E36E36B0}
	EndGlobalSection
EndGlobal
